{
  "name": "SIC25-Sistema-de-Prediccion-de-Calidad-de-Agua-para-Plantas-de-Tratamiento",
  "lockfileVersion": 3,
  "requires": true,
  "packages": {
    "": {
      "dependencies": {
        "@openrouter/sdk": "^0.2.11"
      }
    },
    "node_modules/@openrouter/sdk": {
      "version": "0.2.11",
      "resolved": "https://registry.npmjs.org/@openrouter/sdk/-/sdk-0.2.11.tgz",
      "integrity": "sha512-W6ji4J2O08RUkDmCBqDgiHkoH5ARb4xBZL/xTM98cDzes2iLBuGaF3z2PXMCC27UYTas2pyz+nn62iXjO+yQvg==",
      "license": "Apache-2.0",
      "dependencies": {
        "zod": "^3.25.0 || ^4.0.0"
      }
    },
    "node_modules/zod": {
      "version": "4.2.1",
      "resolved": "https://registry.npmjs.org/zod/-/zod-4.2.1.tgz",
      "integrity": "sha512-0wZ1IRqGGhMP76gLqz8EyfBXKk0J2qo2+H3fi4mcUP/KtTocoX08nmIAHl1Z2kJIZbZee8KOpBCSNPRgauucjw==",
      "license": "MIT",
      "funding": {
        "url": "https://github.com/sponsors/colinhacks"
      }
    }
  }
}
